
Microsoft Visual Studio Solution File, Format Version 11.00
# Visual C# Express 2010
Project("{FAE04EC0-301F-11D3-BF4B-00C04F79EFBC}") = "Bon-Appetit", "Bon-Appetit\Bon-Appetit.csproj", "{04A63968-29E6-4117-B471-AD48BFD399BA}"
EndProject
Global
	GlobalSection(SolutionConfigurationPlatforms) = preSolution
		Debug|x86 = Debug|x86
		Release|x86 = Release|x86
	EndGlobalSection
	GlobalSection(ProjectConfigurationPlatforms) = postSolution
		{04A63968-29E6-4117-B471-AD48BFD399BA}.Debug|x86.ActiveCfg = Debug|x86
		{04A63968-29E6-4117-B471-AD48BFD399BA}.Debug|x86.Build.0 = Debug|x86
		{04A63968-29E6-4117-B471-AD48BFD399BA}.Release|x86.ActiveCfg = Release|x86
		{04A63968-29E6-4117-B471-AD48BFD399BA}.Release|x86.Build.0 = Release|x86
	EndGlobalSection
	GlobalSection(SolutionProperties) = preSolution
		HideSolutionNode = FALSE
	EndGlobalSection
EndGlobal
